{
  "name": "agent-client-protocol-bridges",
  "version": "0.1.0",
  "lockfileVersion": 3,
  "requires": true,
  "packages": {
    "": {
      "name": "agent-client-protocol-bridges",
      "version": "0.1.0",
      "dependencies": {
        "@agentclientprotocol/sdk": "^1.4.0",
        "@github/copilot-sdk": "^1.0.11",
        "dotenv": "^16.4.5",
        "ws": "^8.18.0"
      }
    },
    "node_modules/@agentclientprotocol/sdk": {
      "version": "1.4.0",
      "resolved": "https://ms-feed-12.pkgs.visualstudio.com/1es-public/_packaging/npm-public/npm/registry/@agentclientprotocol/sdk/-/sdk-1.4.0.tgz",
      "integrity": "sha1-Ad1Th0uX9QsyX5FyqPBxSXHg06s=",
      "license": "Apache-2.0",
      "peerDependencies": {
        "zod": "^3.25.0 || ^4.0.0"
      }
    },
    "node_modules/@github/copilot": {
      "version": "1.0.80",
      "resolved": "https://ms-feed-12.pkgs.visualstudio.com/1es-public/_packaging/npm-public/npm/registry/@github/copilot/-/copilot-1.0.80.tgz",
      "integrity": "sha1-Xxj+QlK/5wzoak0Yb2yt/fkg+uE=",
      "license": "SEE LICENSE IN LICENSE.md",
      "dependencies": {
        "detect-libc": "^2.1.2"
      },
      "bin": {
        "copilot": "npm-loader.js"
      },
      "optionalDependencies": {
        "@github/copilot-darwin-arm64": "1.0.80",
        "@github/copilot-darwin-x64": "1.0.80",
        "@github/copilot-linux-arm64": "1.0.80",
        "@github/copilot-linux-x64": "1.0.80",
        "@github/copilot-linuxmusl-arm64": "1.0.80",
        "@github/copilot-linuxmusl-x64": "1.0.80",
        "@github/copilot-win32-arm64": "1.0.80",
        "@github/copilot-win32-x64": "1.0.80"
      }
    },
    "node_modules/@github/copilot-darwin-arm64": {
      "version": "1.0.80",
      "resolved": "https://ms-feed-25.pkgs.visualstudio.com/1es-public/_packaging/npm-public/npm/registry/@github/copilot-darwin-arm64/-/copilot-darwin-arm64-1.0.80.tgz",
      "integrity": "sha1-O7PeMg8QNrLVmr2oJJ2VVGyswmI=",
      "cpu": [
        "arm64"
      ],
      "license": "SEE LICENSE IN LICENSE.md",
      "optional": true,
      "os": [
        "darwin"
      ],
      "bin": {
        "copilot-darwin-arm64": "copilot"
      }
    },
    "node_modules/@github/copilot-darwin-x64": {
      "version": "1.0.80",
      "resolved": "https://ms-feed-2.pkgs.visualstudio.com/1es-public/_packaging/npm-public/npm/registry/@github/copilot-darwin-x64/-/copilot-darwin-x64-1.0.80.tgz",
      "integrity": "sha1-7p1769kE+APGKTfiFFStYxhq0xg=",
      "cpu": [
        "x64"
      ],
      "license": "SEE LICENSE IN LICENSE.md",
      "optional": true,
      "os": [
        "darwin"
      ],
      "bin": {
        "copilot-darwin-x64": "copilot"
      }
    },
    "node_modules/@github/copilot-linux-arm64": {
      "version": "1.0.80",
      "resolved": "https://ms-feed-17.pkgs.visualstudio.com/1es-public/_packaging/npm-public/npm/registry/@github/copilot-linux-arm64/-/copilot-linux-arm64-1.0.80.tgz",
      "integrity": "sha1-Aq/J59Sy7gw5xSPPD201cxauzgs=",
      "cpu": [
        "arm64"
      ],
      "license": "SEE LICENSE IN LICENSE.md",
      "optional": true,
      "os": [
        "linux"
      ],
      "bin": {
        "copilot-linux-arm64": "copilot"
      }
    },
    "node_modules/@github/copilot-linux-x64": {
      "version": "1.0.80",
      "resolved": "https://ms-feed-25.pkgs.visualstudio.com/1es-public/_packaging/npm-public/npm/registry/@github/copilot-linux-x64/-/copilot-linux-x64-1.0.80.tgz",
      "integrity": "sha1-hBj2Ns8VJ3vRw0l9Uuv51CSad84=",
      "cpu": [
        "x64"
      ],
      "license": "SEE LICENSE IN LICENSE.md",
      "optional": true,
      "os": [
        "linux"
      ],
      "bin": {
        "copilot-linux-x64": "copilot"
      }
    },
    "node_modules/@github/copilot-linuxmusl-arm64": {
      "version": "1.0.80",
      "resolved": "https://ms-feed-12.pkgs.visualstudio.com/1es-public/_packaging/npm-public/npm/registry/@github/copilot-linuxmusl-arm64/-/copilot-linuxmusl-arm64-1.0.80.tgz",
      "integrity": "sha1-Cwqw4hKkb4ZD6w5JXIjbPwTN4+8=",
      "cpu": [
        "arm64"
      ],
      "license": "SEE LICENSE IN LICENSE.md",
      "optional": true,
      "os": [
        "linux"
      ],
      "bin": {
        "copilot-linuxmusl-arm64": "copilot"
      }
    },
    "node_modules/@github/copilot-linuxmusl-x64": {
      "version": "1.0.80",
      "resolved": "https://ms-feed-17.pkgs.visualstudio.com/1es-public/_packaging/npm-public/npm/registry/@github/copilot-linuxmusl-x64/-/copilot-linuxmusl-x64-1.0.80.tgz",
      "integrity": "sha1-xdoO4YxkEVl6+VCxg6L5MoqyKVQ=",
      "cpu": [
        "x64"
      ],
      "license": "SEE LICENSE IN LICENSE.md",
      "optional": true,
      "os": [
        "linux"
      ],
      "bin": {
        "copilot-linuxmusl-x64": "copilot"
      }
    },
    "node_modules/@github/copilot-sdk": {
      "version": "1.0.11",
      "resolved": "https://ms-feed-12.pkgs.visualstudio.com/1es-public/_packaging/npm-public/npm/registry/@github/copilot-sdk/-/copilot-sdk-1.0.11.tgz",
      "integrity": "sha1-ZgXSGhM2QbIIDM5cbqFETwCSVzI=",
      "license": "MIT",
      "dependencies": {
        "@github/copilot": "^1.0.79",
        "koffi": "^3.1.0",
        "vscode-jsonrpc": "^8.2.1",
        "zod": "^4.3.6"
      },
      "engines": {
        "node": "^20.19.0 || >=22.12.0"
      }
    },
    "node_modules/@github/copilot-win32-arm64": {
      "version": "1.0.80",
      "resolved": "https://ms-feed-25.pkgs.visualstudio.com/1es-public/_packaging/npm-public/npm/registry/@github/copilot-win32-arm64/-/copilot-win32-arm64-1.0.80.tgz",
      "integrity": "sha1-2yqFs2UqUisEYq5kix1sxHVykhA=",
      "cpu": [
        "arm64"
      ],
      "license": "SEE LICENSE IN LICENSE.md",
      "optional": true,
      "os": [
        "win32"
      ],
      "bin": {
        "copilot-win32-arm64": "copilot.exe"
      }
    },
    "node_modules/@github/copilot-win32-x64": {
      "version": "1.0.80",
      "resolved": "https://ms-feed-25.pkgs.visualstudio.com/1es-public/_packaging/npm-public/npm/registry/@github/copilot-win32-x64/-/copilot-win32-x64-1.0.80.tgz",
      "integrity": "sha1-MS+ioPfBrZNg2EVr9z3CXfR14Ug=",
      "cpu": [
        "x64"
      ],
      "license": "SEE LICENSE IN LICENSE.md",
      "optional": true,
      "os": [
        "win32"
      ],
      "bin": {
        "copilot-win32-x64": "copilot.exe"
      }
    },
    "node_modules/@koromix/koffi-darwin-arm64": {
      "version": "3.1.6",
      "resolved": "https://ms-feed-25.pkgs.visualstudio.com/1es-public/_packaging/npm-public/npm/registry/@koromix/koffi-darwin-arm64/-/koffi-darwin-arm64-3.1.6.tgz",
      "integrity": "sha1-UMiG7oa1oXi04Jhx3kSECoKdmcc=",
      "cpu": [
        "arm64"
      ],
      "license": "MIT",
      "optional": true,
      "os": [
        "darwin"
      ],
      "funding": {
        "url": "https://liberapay.com/Koromix"
      }
    },
    "node_modules/@koromix/koffi-darwin-x64": {
      "version": "3.1.6",
      "resolved": "https://ms-feed-2.pkgs.visualstudio.com/1es-public/_packaging/npm-public/npm/registry/@koromix/koffi-darwin-x64/-/koffi-darwin-x64-3.1.6.tgz",
      "integrity": "sha1-t/Dr9d2/AMNajDxpxy8jCChMb3o=",
      "cpu": [
        "x64"
      ],
      "license": "MIT",
      "optional": true,
      "os": [
        "darwin"
      ],
      "funding": {
        "url": "https://liberapay.com/Koromix"
      }
    },
    "node_modules/@koromix/koffi-freebsd-arm64": {
      "version": "3.1.6",
      "resolved": "https://ms-feed-12.pkgs.visualstudio.com/1es-public/_packaging/npm-public/npm/registry/@koromix/koffi-freebsd-arm64/-/koffi-freebsd-arm64-3.1.6.tgz",
      "integrity": "sha1-cPZgX/tAshlHokDpzkeW3PaQnyA=",
      "cpu": [
        "arm64"
      ],
      "license": "MIT",
      "optional": true,
      "os": [
        "freebsd"
      ],
      "funding": {
        "url": "https://liberapay.com/Koromix"
      }
    },
    "node_modules/@koromix/koffi-freebsd-ia32": {
      "version": "3.1.6",
      "resolved": "https://ms-feed-2.pkgs.visualstudio.com/1es-public/_packaging/npm-public/npm/registry/@koromix/koffi-freebsd-ia32/-/koffi-freebsd-ia32-3.1.6.tgz",
      "integrity": "sha1-G85tcqXWJCPQaGfux2R62HcEPfI=",
      "cpu": [
        "ia32"
      ],
      "license": "MIT",
      "optional": true,
      "os": [
        "freebsd"
      ],
      "funding": {
        "url": "https://liberapay.com/Koromix"
      }
    },
    "node_modules/@koromix/koffi-freebsd-x64": {
      "version": "3.1.6",
      "resolved": "https://ms-feed-12.pkgs.visualstudio.com/1es-public/_packaging/npm-public/npm/registry/@koromix/koffi-freebsd-x64/-/koffi-freebsd-x64-3.1.6.tgz",
      "integrity": "sha1-q3QcGMMyVzkvP4pLHG3AIz1b8zw=",
      "cpu": [
        "x64"
      ],
      "license": "MIT",
      "optional": true,
      "os": [
        "freebsd"
      ],
      "funding": {
        "url": "https://liberapay.com/Koromix"
      }
    },
    "node_modules/@koromix/koffi-linux-arm64": {
      "version": "3.1.6",
      "resolved": "https://ms-feed-17.pkgs.visualstudio.com/1es-public/_packaging/npm-public/npm/registry/@koromix/koffi-linux-arm64/-/koffi-linux-arm64-3.1.6.tgz",
      "integrity": "sha1-viXY4wKkqiPiVUe6K7QFDsfVzbo=",
      "cpu": [
        "arm64"
      ],
      "license": "MIT",
      "optional": true,
      "os": [
        "linux"
      ],
      "funding": {
        "url": "https://liberapay.com/Koromix"
      }
    },
    "node_modules/@koromix/koffi-linux-ia32": {
      "version": "3.1.6",
      "resolved": "https://ms-feed-25.pkgs.visualstudio.com/1es-public/_packaging/npm-public/npm/registry/@koromix/koffi-linux-ia32/-/koffi-linux-ia32-3.1.6.tgz",
      "integrity": "sha1-xusbXfU5cDijCAUksx2wHjpOvUs=",
      "cpu": [
        "ia32"
      ],
      "license": "MIT",
      "optional": true,
      "os": [
        "linux"
      ],
      "funding": {
        "url": "https://liberapay.com/Koromix"
      }
    },
    "node_modules/@koromix/koffi-linux-loong64": {
      "version": "3.1.6",
      "resolved": "https://ms-feed-25.pkgs.visualstudio.com/1es-public/_packaging/npm-public/npm/registry/@koromix/koffi-linux-loong64/-/koffi-linux-loong64-3.1.6.tgz",
      "integrity": "sha1-K0ePdLxqnpuQ7H8D17l1BPUycJ0=",
      "cpu": [
        "loong64"
      ],
      "license": "MIT",
      "optional": true,
      "os": [
        "linux"
      ],
      "funding": {
        "url": "https://liberapay.com/Koromix"
      }
    },
    "node_modules/@koromix/koffi-linux-riscv64": {
      "version": "3.1.6",
      "resolved": "https://ms-feed-12.pkgs.visualstudio.com/1es-public/_packaging/npm-public/npm/registry/@koromix/koffi-linux-riscv64/-/koffi-linux-riscv64-3.1.6.tgz",
      "integrity": "sha1-fnm/m4pCWeNEtURSnZf4lOls88s=",
      "cpu": [
        "riscv64"
      ],
      "license": "MIT",
      "optional": true,
      "os": [
        "linux"
      ],
      "funding": {
        "url": "https://liberapay.com/Koromix"
      }
    },
    "node_modules/@koromix/koffi-linux-x64": {
      "version": "3.1.6",
      "resolved": "https://ms-feed-25.pkgs.visualstudio.com/1es-public/_packaging/npm-public/npm/registry/@koromix/koffi-linux-x64/-/koffi-linux-x64-3.1.6.tgz",
      "integrity": "sha1-9AiJQ3mygZLONdWyKg7GkD3jR8U=",
      "cpu": [
        "x64"
      ],
      "license": "MIT",
      "optional": true,
      "os": [
        "linux"
      ],
      "funding": {
        "url": "https://liberapay.com/Koromix"
      }
    },
    "node_modules/@koromix/koffi-openbsd-ia32": {
      "version": "3.1.6",
      "resolved": "https://ms-feed-12.pkgs.visualstudio.com/1es-public/_packaging/npm-public/npm/registry/@koromix/koffi-openbsd-ia32/-/koffi-openbsd-ia32-3.1.6.tgz",
      "integrity": "sha1-GuGU40x3a20a1YIROLhJDdBgmpc=",
      "cpu": [
        "ia32"
      ],
      "license": "MIT",
      "optional": true,
      "os": [
        "openbsd"
      ],
      "funding": {
        "url": "https://liberapay.com/Koromix"
      }
    },
    "node_modules/@koromix/koffi-openbsd-x64": {
      "version": "3.1.6",
      "resolved": "https://ms-feed-17.pkgs.visualstudio.com/1es-public/_packaging/npm-public/npm/registry/@koromix/koffi-openbsd-x64/-/koffi-openbsd-x64-3.1.6.tgz",
      "integrity": "sha1-oCYmp0wYKOlY5o8ZyWoY+XTlU8s=",
      "cpu": [
        "x64"
      ],
      "license": "MIT",
      "optional": true,
      "os": [
        "openbsd"
      ],
      "funding": {
        "url": "https://liberapay.com/Koromix"
      }
    },
    "node_modules/@koromix/koffi-win32-arm64": {
      "version": "3.1.6",
      "resolved": "https://ms-feed-12.pkgs.visualstudio.com/1es-public/_packaging/npm-public/npm/registry/@koromix/koffi-win32-arm64/-/koffi-win32-arm64-3.1.6.tgz",
      "integrity": "sha1-AU3bMCcCRp7qmtUe3UCRNE8+T8k=",
      "cpu": [
        "arm64"
      ],
      "license": "MIT",
      "optional": true,
      "os": [
        "win32"
      ],
      "funding": {
        "url": "https://liberapay.com/Koromix"
      }
    },
    "node_modules/@koromix/koffi-win32-ia32": {
      "version": "3.1.6",
      "resolved": "https://ms-feed-25.pkgs.visualstudio.com/1es-public/_packaging/npm-public/npm/registry/@koromix/koffi-win32-ia32/-/koffi-win32-ia32-3.1.6.tgz",
      "integrity": "sha1-rQVtnYNT4zfkuz7G1Cq4sTYLsDU=",
      "cpu": [
        "ia32"
      ],
      "license": "MIT",
      "optional": true,
      "os": [
        "win32"
      ],
      "funding": {
        "url": "https://liberapay.com/Koromix"
      }
    },
    "node_modules/@koromix/koffi-win32-x64": {
      "version": "3.1.6",
      "resolved": "https://ms-feed-2.pkgs.visualstudio.com/1es-public/_packaging/npm-public/npm/registry/@koromix/koffi-win32-x64/-/koffi-win32-x64-3.1.6.tgz",
      "integrity": "sha1-bSJ5S+lFTNK4fxsSjrx99b46HEA=",
      "cpu": [
        "x64"
      ],
      "license": "MIT",
      "optional": true,
      "os": [
        "win32"
      ],
      "funding": {
        "url": "https://liberapay.com/Koromix"
      }
    },
    "node_modules/detect-libc": {
      "version": "2.1.2",
      "resolved": "https://ms-feed-25.pkgs.visualstudio.com/1es-public/_packaging/npm-public/npm/registry/detect-libc/-/detect-libc-2.1.2.tgz",
      "integrity": "sha1-aJxdzcGQDvVYOky59te0c3QgdK0=",
      "license": "Apache-2.0",
      "engines": {
        "node": ">=8"
      }
    },
    "node_modules/dotenv": {
      "version": "16.6.1",
      "resolved": "https://ms-feed-25.pkgs.visualstudio.com/1es-public/_packaging/npm-public/npm/registry/dotenv/-/dotenv-16.6.1.tgz",
      "integrity": "sha1-dz8OaVJ6gxXHKF1e5zxEWdIKgCA=",
      "license": "BSD-2-Clause",
      "engines": {
        "node": ">=12"
      },
      "funding": {
        "url": "https://dotenvx.com"
      }
    },
    "node_modules/koffi": {
      "version": "3.1.6",
      "resolved": "https://ms-feed-25.pkgs.visualstudio.com/1es-public/_packaging/npm-public/npm/registry/koffi/-/koffi-3.1.6.tgz",
      "integrity": "sha1-l/qLxQwq9uGoc/3uNxPMEovyhv8=",
      "hasInstallScript": true,
      "license": "MIT",
      "funding": {
        "url": "https://liberapay.com/Koromix"
      },
      "optionalDependencies": {
        "@koromix/koffi-darwin-arm64": "3.1.6",
        "@koromix/koffi-darwin-x64": "3.1.6",
        "@koromix/koffi-freebsd-arm64": "3.1.6",
        "@koromix/koffi-freebsd-ia32": "3.1.6",
        "@koromix/koffi-freebsd-x64": "3.1.6",
        "@koromix/koffi-linux-arm64": "3.1.6",
        "@koromix/koffi-linux-ia32": "3.1.6",
        "@koromix/koffi-linux-loong64": "3.1.6",
        "@koromix/koffi-linux-riscv64": "3.1.6",
        "@koromix/koffi-linux-x64": "3.1.6",
        "@koromix/koffi-openbsd-ia32": "3.1.6",
        "@koromix/koffi-openbsd-x64": "3.1.6",
        "@koromix/koffi-win32-arm64": "3.1.6",
        "@koromix/koffi-win32-ia32": "3.1.6",
        "@koromix/koffi-win32-x64": "3.1.6"
      }
    },
    "node_modules/vscode-jsonrpc": {
      "version": "8.2.1",
      "resolved": "https://ms-feed-17.pkgs.visualstudio.com/1es-public/_packaging/npm-public/npm/registry/vscode-jsonrpc/-/vscode-jsonrpc-8.2.1.tgz",
      "integrity": "sha1-oyLMDx2X95T/2cTNKomKC94JfzQ=",
      "license": "MIT",
      "engines": {
        "node": ">=14.0.0"
      }
    },
    "node_modules/ws": {
      "version": "8.21.3",
      "resolved": "https://ms-feed-25.pkgs.visualstudio.com/1es-public/_packaging/npm-public/npm/registry/ws/-/ws-8.21.3.tgz",
      "integrity": "sha1-ZgtPrdtqPldchuB4EmkZlh9N5Pw=",
      "license": "MIT",
      "engines": {
        "node": ">=10.0.0"
      },
      "peerDependencies": {
        "bufferutil": "^4.0.1",
        "utf-8-validate": ">=5.0.2"
      },
      "peerDependenciesMeta": {
        "bufferutil": {
          "optional": true
        },
        "utf-8-validate": {
          "optional": true
        }
      }
    },
    "node_modules/zod": {
      "version": "4.4.3",
      "resolved": "https://ms-feed-12.pkgs.visualstudio.com/1es-public/_packaging/npm-public/npm/registry/zod/-/zod-4.4.3.tgz",
      "integrity": "sha1-toDxcohdGLvr8hqDTqJeVaG781Y=",
      "license": "MIT",
      "peer": true,
      "funding": {
        "url": "https://github.com/sponsors/colinhacks"
      }
    }
  }
}
